
Microsoft Visual Studio Solution File, Format Version 12.00
# Visual Studio 15
Project("{FAE04EC0-301F-11D3-BF4B-00C04F79EFBC}") = "Oculus.Platform", "Oculus.Platform.csproj", "{C19BA9B9-85F4-2B73-F2E2-08CDD45731BA}"
EndProject
Project("{FAE04EC0-301F-11D3-BF4B-00C04F79EFBC}") = "Assembly-CSharp", "Assembly-CSharp.csproj", "{7544C944-31E4-F8F2-4B95-F024E3EFDE43}"
EndProject
Project("{FAE04EC0-301F-11D3-BF4B-00C04F79EFBC}") = "Oculus.VR", "Oculus.VR.csproj", "{9A558989-0FBC-BD0E-560F-43C61397DF59}"
EndProject
Project("{FAE04EC0-301F-11D3-BF4B-00C04F79EFBC}") = "Assembly-CSharp-Editor", "Assembly-CSharp-Editor.csproj", "{D65CA6FA-B396-2694-7CC4-2D84AC577C3A}"
EndProject
Project("{FAE04EC0-301F-11D3-BF4B-00C04F79EFBC}") = "Oculus.VR.Scripts.Editor", "Oculus.VR.Scripts.Editor.csproj", "{1EB84A77-7BB1-1763-D752-70EDEA12834D}"
EndProject
Project("{FAE04EC0-301F-11D3-BF4B-00C04F79EFBC}") = "Oculus.VR.Editor", "Oculus.VR.Editor.csproj", "{3271D981-0C98-D3DD-AFD5-40EC0B467D43}"
EndProject
Project("{FAE04EC0-301F-11D3-BF4B-00C04F79EFBC}") = "Oculus.Platform.Editor", "Oculus.Platform.Editor.csproj", "{AC7EA95B-0632-D03A-5938-FDE79B26F3D1}"
EndProject
Global
	GlobalSection(SolutionConfigurationPlatforms) = preSolution
		Debug|Any CPU = Debug|Any CPU
		Release|Any CPU = Release|Any CPU
	EndGlobalSection
	GlobalSection(ProjectConfigurationPlatforms) = postSolution
		{C19BA9B9-85F4-2B73-F2E2-08CDD45731BA}.Debug|Any CPU.ActiveCfg = Debug|Any CPU
		{C19BA9B9-85F4-2B73-F2E2-08CDD45731BA}.Debug|Any CPU.Build.0 = Debug|Any CPU
		{C19BA9B9-85F4-2B73-F2E2-08CDD45731BA}.Release|Any CPU.ActiveCfg = Release|Any CPU
		{C19BA9B9-85F4-2B73-F2E2-08CDD45731BA}.Release|Any CPU.Build.0 = Release|Any CPU
		{7544C944-31E4-F8F2-4B95-F024E3EFDE43}.Debug|Any CPU.ActiveCfg = Debug|Any CPU
		{7544C944-31E4-F8F2-4B95-F024E3EFDE43}.Debug|Any CPU.Build.0 = Debug|Any CPU
		{7544C944-31E4-F8F2-4B95-F024E3EFDE43}.Release|Any CPU.ActiveCfg = Release|Any CPU
		{7544C944-31E4-F8F2-4B95-F024E3EFDE43}.Release|Any CPU.Build.0 = Release|Any CPU
		{9A558989-0FBC-BD0E-560F-43C61397DF59}.Debug|Any CPU.ActiveCfg = Debug|Any CPU
		{9A558989-0FBC-BD0E-560F-43C61397DF59}.Debug|Any CPU.Build.0 = Debug|Any CPU
		{9A558989-0FBC-BD0E-560F-43C61397DF59}.Release|Any CPU.ActiveCfg = Release|Any CPU
		{9A558989-0FBC-BD0E-560F-43C61397DF59}.Release|Any CPU.Build.0 = Release|Any CPU
		{D65CA6FA-B396-2694-7CC4-2D84AC577C3A}.Debug|Any CPU.ActiveCfg = Debug|Any CPU
		{D65CA6FA-B396-2694-7CC4-2D84AC577C3A}.Debug|Any CPU.Build.0 = Debug|Any CPU
		{D65CA6FA-B396-2694-7CC4-2D84AC577C3A}.Release|Any CPU.ActiveCfg = Release|Any CPU
		{D65CA6FA-B396-2694-7CC4-2D84AC577C3A}.Release|Any CPU.Build.0 = Release|Any CPU
		{1EB84A77-7BB1-1763-D752-70EDEA12834D}.Debug|Any CPU.ActiveCfg = Debug|Any CPU
		{1EB84A77-7BB1-1763-D752-70EDEA12834D}.Debug|Any CPU.Build.0 = Debug|Any CPU
		{1EB84A77-7BB1-1763-D752-70EDEA12834D}.Release|Any CPU.ActiveCfg = Release|Any CPU
		{1EB84A77-7BB1-1763-D752-70EDEA12834D}.Release|Any CPU.Build.0 = Release|Any CPU
		{3271D981-0C98-D3DD-AFD5-40EC0B467D43}.Debug|Any CPU.ActiveCfg = Debug|Any CPU
		{3271D981-0C98-D3DD-AFD5-40EC0B467D43}.Debug|Any CPU.Build.0 = Debug|Any CPU
		{3271D981-0C98-D3DD-AFD5-40EC0B467D43}.Release|Any CPU.ActiveCfg = Release|Any CPU
		{3271D981-0C98-D3DD-AFD5-40EC0B467D43}.Release|Any CPU.Build.0 = Release|Any CPU
		{AC7EA95B-0632-D03A-5938-FDE79B26F3D1}.Debug|Any CPU.ActiveCfg = Debug|Any CPU
		{AC7EA95B-0632-D03A-5938-FDE79B26F3D1}.Debug|Any CPU.Build.0 = Debug|Any CPU
		{AC7EA95B-0632-D03A-5938-FDE79B26F3D1}.Release|Any CPU.ActiveCfg = Release|Any CPU
		{AC7EA95B-0632-D03A-5938-FDE79B26F3D1}.Release|Any CPU.Build.0 = Release|Any CPU
	EndGlobalSection
	GlobalSection(SolutionProperties) = preSolution
		HideSolutionNode = FALSE
	EndGlobalSection
EndGlobal
